
Microsoft Visual Studio Solution File, Format Version 12.00
# Visual Studio Version 16
VisualStudioVersion = 16.0.31005.135
MinimumVisualStudioVersion = 10.0.40219.1
Project("{FAE04EC0-301F-11D3-BF4B-00C04F79EFBC}") = "MainApp", "MainApp\MainApp.csproj", "{CED726FD-CE1B-4B57-96E1-DA1B16743856}"
EndProject
Project("{FAE04EC0-301F-11D3-BF4B-00C04F79EFBC}") = "PluginInterface", "PluginInterface\PluginInterface.csproj", "{408CFFE5-1134-47A0-A5E6-96FCDFD5E286}"
EndProject
Global
	GlobalSection(SolutionConfigurationPlatforms) = preSolution
		Debug|Any CPU = Debug|Any CPU
		Release|Any CPU = Release|Any CPU
	EndGlobalSection
	GlobalSection(ProjectConfigurationPlatforms) = postSolution
		{CED726FD-CE1B-4B57-96E1-DA1B16743856}.Debug|Any CPU.ActiveCfg = Debug|Any CPU
		{CED726FD-CE1B-4B57-96E1-DA1B16743856}.Debug|Any CPU.Build.0 = Debug|Any CPU
		{CED726FD-CE1B-4B57-96E1-DA1B16743856}.Release|Any CPU.ActiveCfg = Release|Any CPU
		{CED726FD-CE1B-4B57-96E1-DA1B16743856}.Release|Any CPU.Build.0 = Release|Any CPU
		{408CFFE5-1134-47A0-A5E6-96FCDFD5E286}.Debug|Any CPU.ActiveCfg = Debug|Any CPU
		{408CFFE5-1134-47A0-A5E6-96FCDFD5E286}.Debug|Any CPU.Build.0 = Debug|Any CPU
		{408CFFE5-1134-47A0-A5E6-96FCDFD5E286}.Release|Any CPU.ActiveCfg = Release|Any CPU
		{408CFFE5-1134-47A0-A5E6-96FCDFD5E286}.Release|Any CPU.Build.0 = Release|Any CPU
	EndGlobalSection
	GlobalSection(SolutionProperties) = preSolution
		HideSolutionNode = FALSE
	EndGlobalSection
	GlobalSection(ExtensibilityGlobals) = postSolution
		SolutionGuid = {24E44F09-D67E-4BAF-A5EA-3BD621E6E99D}
	EndGlobalSection
EndGlobal
